
Microsoft Visual Studio Solution File, Format Version 12.00
# Visual Studio Version 16
VisualStudioVersion = 16.0.30517.126
MinimumVisualStudioVersion = 10.0.40219.1
Project("{FAE04EC0-301F-11D3-BF4B-00C04F79EFBC}") = "CarGalleryApp", "CarGalleryApp\CarGalleryApp.csproj", "{7F453313-A4E8-4348-8E8C-2AFD5A72EFB3}"
EndProject
Global
	GlobalSection(SolutionConfigurationPlatforms) = preSolution
		Debug|Any CPU = Debug|Any CPU
		Release|Any CPU = Release|Any CPU
	EndGlobalSection
	GlobalSection(ProjectConfigurationPlatforms) = postSolution
		{7F453313-A4E8-4348-8E8C-2AFD5A72EFB3}.Debug|Any CPU.ActiveCfg = Debug|Any CPU
		{7F453313-A4E8-4348-8E8C-2AFD5A72EFB3}.Debug|Any CPU.Build.0 = Debug|Any CPU
		{7F453313-A4E8-4348-8E8C-2AFD5A72EFB3}.Release|Any CPU.ActiveCfg = Release|Any CPU
		{7F453313-A4E8-4348-8E8C-2AFD5A72EFB3}.Release|Any CPU.Build.0 = Release|Any CPU
	EndGlobalSection
	GlobalSection(SolutionProperties) = preSolution
		HideSolutionNode = FALSE
	EndGlobalSection
	GlobalSection(ExtensibilityGlobals) = postSolution
		SolutionGuid = {FDDB1EEC-ED49-4730-9B93-A1A4FDE37C0B}
	EndGlobalSection
EndGlobal
